
Microsoft Visual Studio Solution File, Format Version 12.00
# Visual Studio 15
VisualStudioVersion = 15.0.27428.2037
MinimumVisualStudioVersion = 10.0.40219.1
Project("{FAE04EC0-301F-11D3-BF4B-00C04F79EFBC}") = "DavidCommon", "DavidCommon\DavidCommon.csproj", "{0BC5171C-8D82-4244-BBEF-12E37B685BBA}"
EndProject
Project("{FAE04EC0-301F-11D3-BF4B-00C04F79EFBC}") = "Test", "Test\Test.csproj", "{2AA0384F-F73C-4F8F-8ED3-BA306BAE721D}"
EndProject
Global
	GlobalSection(SolutionConfigurationPlatforms) = preSolution
		Debug|Any CPU = Debug|Any CPU
		Release|Any CPU = Release|Any CPU
	EndGlobalSection
	GlobalSection(ProjectConfigurationPlatforms) = postSolution
		{0BC5171C-8D82-4244-BBEF-12E37B685BBA}.Debug|Any CPU.ActiveCfg = Debug|Any CPU
		{0BC5171C-8D82-4244-BBEF-12E37B685BBA}.Debug|Any CPU.Build.0 = Debug|Any CPU
		{0BC5171C-8D82-4244-BBEF-12E37B685BBA}.Release|Any CPU.ActiveCfg = Release|Any CPU
		{0BC5171C-8D82-4244-BBEF-12E37B685BBA}.Release|Any CPU.Build.0 = Release|Any CPU
		{2AA0384F-F73C-4F8F-8ED3-BA306BAE721D}.Debug|Any CPU.ActiveCfg = Debug|Any CPU
		{2AA0384F-F73C-4F8F-8ED3-BA306BAE721D}.Debug|Any CPU.Build.0 = Debug|Any CPU
		{2AA0384F-F73C-4F8F-8ED3-BA306BAE721D}.Release|Any CPU.ActiveCfg = Release|Any CPU
		{2AA0384F-F73C-4F8F-8ED3-BA306BAE721D}.Release|Any CPU.Build.0 = Release|Any CPU
	EndGlobalSection
	GlobalSection(SolutionProperties) = preSolution
		HideSolutionNode = FALSE
	EndGlobalSection
	GlobalSection(ExtensibilityGlobals) = postSolution
		SolutionGuid = {1CBC17C8-6406-4266-B1B8-D29DD2A62155}
	EndGlobalSection
EndGlobal
